// !$*UTF8*$!
{
	archiveVersion = 1;
	classes = {
	};
	objectVersion = 77;
	objects = {

/* Begin PBXBuildFile section */
		529C011B2D91C77800466357 /* FirebaseAnalytics in Frameworks */ = {isa = PBXBuildFile; productRef = 529C011A2D91C77800466357 /* FirebaseAnalytics */; };
		529C011E2D91CA0F00466357 /* FirebaseAuth in Frameworks */ = {isa = PBXBuildFile; productRef = 529C011D2D91CA0F00466357 /* FirebaseAuth */; };
		529C013C2D92793E00466357 /* GoogleSignIn in Frameworks */ = {isa = PBXBuildFile; productRef = 529C013B2D92793E00466357 /* GoogleSignIn */; };
		529C013E2D92793E00466357 /* GoogleSignInSwift in Frameworks */ = {isa = PBXBuildFile; productRef = 529C013D2D92793E00466357 /* GoogleSignInSwift */; };
		529C02832D92B43400466357 /* FirebaseFirestore in Frameworks */ = {isa = PBXBuildFile; productRef = 529C02822D92B43400466357 /* FirebaseFirestore */; };
		52CC69D22D97035200CFF5C0 /* Launch Screen.storyboard in Resources */ = {isa = PBXBuildFile; fileRef = 52CC69C22D97035200CFF5C0 /* Launch Screen.storyboard */; };
		52CC69D32D97035200CFF5C0 /* Preview Assets.xcassets in Resources */ = {isa = PBXBuildFile; fileRef = 52CC69CB2D97035200CFF5C0 /* Preview Assets.xcassets */; };
		52CC69D42D97035200CFF5C0 /* Assets.xcassets in Resources */ = {isa = PBXBuildFile; fileRef = 52CC69CD2D97035200CFF5C0 /* Assets.xcassets */; };
		52CC69D52D97035200CFF5C0 /* GoogleService-Info.plist in Resources */ = {isa = PBXBuildFile; fileRef = 52CC69CF2D97035200CFF5C0 /* GoogleService-Info.plist */; };
		52CC69D72D97035200CFF5C0 /* AuthenticationManager.swift in Sources */ = {isa = PBXBuildFile; fileRef = 52CC69AB2D97035200CFF5C0 /* AuthenticationManager.swift */; };
		52CC69D82D97035200CFF5C0 /* UserManager.swift in Sources */ = {isa = PBXBuildFile; fileRef = 52CC69AD2D97035200CFF5C0 /* UserManager.swift */; };
		52CC69D92D97035200CFF5C0 /* AuthDataResultModel.swift in Sources */ = {isa = PBXBuildFile; fileRef = 52CC69B02D97035200CFF5C0 /* AuthDataResultModel.swift */; };
		52CC69DA2D97035200CFF5C0 /* AuthenticationViewModel.swift in Sources */ = {isa = PBXBuildFile; fileRef = 52CC69B22D97035200CFF5C0 /* AuthenticationViewModel.swift */; };
		52CC69DB2D97035200CFF5C0 /* SignInEmailView.swift in Sources */ = {isa = PBXBuildFile; fileRef = 52CC69B42D97035200CFF5C0 /* SignInEmailView.swift */; };
		52CC69DC2D97035200CFF5C0 /* SignInEmailViewModel.swift in Sources */ = {isa = PBXBuildFile; fileRef = 52CC69B62D97035200CFF5C0 /* SignInEmailViewModel.swift */; };
		52CC69DD2D97035200CFF5C0 /* AuthenticationView.swift in Sources */ = {isa = PBXBuildFile; fileRef = 52CC69BA2D97035200CFF5C0 /* AuthenticationView.swift */; };
		52CC69DE2D97035200CFF5C0 /* ConnectionsListView.swift in Sources */ = {isa = PBXBuildFile; fileRef = 52CC69BD2D97035200CFF5C0 /* ConnectionsListView.swift */; };
		52CC69DF2D97035200CFF5C0 /* AnimatedTextView.swift in Sources */ = {isa = PBXBuildFile; fileRef = 52CC69BF2D97035200CFF5C0 /* AnimatedTextView.swift */; };
		52CC69E02D97035200CFF5C0 /* HomeScreen.swift in Sources */ = {isa = PBXBuildFile; fileRef = 52CC69C02D97035200CFF5C0 /* HomeScreen.swift */; };
		52CC69E12D97035200CFF5C0 /* SplashScreenView.swift in Sources */ = {isa = PBXBuildFile; fileRef = 52CC69C32D97035200CFF5C0 /* SplashScreenView.swift */; };
		52CC69E22D97035200CFF5C0 /* ProfileView.swift in Sources */ = {isa = PBXBuildFile; fileRef = 52CC69C52D97035200CFF5C0 /* ProfileView.swift */; };
		52CC69E32D97035200CFF5C0 /* SettingsView.swift in Sources */ = {isa = PBXBuildFile; fileRef = 52CC69C72D97035200CFF5C0 /* SettingsView.swift */; };
		52CC69E42D97035200CFF5C0 /* SettingsViewModel.swift in Sources */ = {isa = PBXBuildFile; fileRef = 52CC69C82D97035200CFF5C0 /* SettingsViewModel.swift */; };
		52CC69E52D97035200CFF5C0 /* CollabCallApp.swift in Sources */ = {isa = PBXBuildFile; fileRef = 52CC69CE2D97035200CFF5C0 /* CollabCallApp.swift */; };
		52CC69E82D97038D00CFF5C0 /* Color+Extensions.swift in Sources */ = {isa = PBXBuildFile; fileRef = 52CC69E72D97038D00CFF5C0 /* Color+Extensions.swift */; };
		52CC69EA2D9704A200CFF5C0 /* UIConstants.swift in Sources */ = {isa = PBXBuildFile; fileRef = 52CC69E92D9704A200CFF5C0 /* UIConstants.swift */; };
/* End PBXBuildFile section */

/* Begin PBXFileReference section */
		52022EA82D91C29900C4975F /* CollabCall.app */ = {isa = PBXFileReference; explicitFileType = wrapper.application; includeInIndex = 0; path = CollabCall.app; sourceTree = BUILT_PRODUCTS_DIR; };
		52CC69AB2D97035200CFF5C0 /* AuthenticationManager.swift */ = {isa = PBXFileReference; lastKnownFileType = sourcecode.swift; path = AuthenticationManager.swift; sourceTree = "<group>"; };
		52CC69AD2D97035200CFF5C0 /* UserManager.swift */ = {isa = PBXFileReference; lastKnownFileType = sourcecode.swift; path = UserManager.swift; sourceTree = "<group>"; };
		52CC69B02D97035200CFF5C0 /* AuthDataResultModel.swift */ = {isa = PBXFileReference; lastKnownFileType = sourcecode.swift; path = AuthDataResultModel.swift; sourceTree = "<group>"; };
		52CC69B22D97035200CFF5C0 /* AuthenticationViewModel.swift */ = {isa = PBXFileReference; lastKnownFileType = sourcecode.swift; path = AuthenticationViewModel.swift; sourceTree = "<group>"; };
		52CC69B42D97035200CFF5C0 /* SignInEmailView.swift */ = {isa = PBXFileReference; lastKnownFileType = sourcecode.swift; path = SignInEmailView.swift; sourceTree = "<group>"; };
		52CC69B62D97035200CFF5C0 /* SignInEmailViewModel.swift */ = {isa = PBXFileReference; lastKnownFileType = sourcecode.swift; path = SignInEmailViewModel.swift; sourceTree = "<group>"; };
		52CC69BA2D97035200CFF5C0 /* AuthenticationView.swift */ = {isa = PBXFileReference; lastKnownFileType = sourcecode.swift; path = AuthenticationView.swift; sourceTree = "<group>"; };
		52CC69BD2D97035200CFF5C0 /* ConnectionsListView.swift */ = {isa = PBXFileReference; lastKnownFileType = sourcecode.swift; path = ConnectionsListView.swift; sourceTree = "<group>"; };
		52CC69BF2D97035200CFF5C0 /* AnimatedTextView.swift */ = {isa = PBXFileReference; lastKnownFileType = sourcecode.swift; path = AnimatedTextView.swift; sourceTree = "<group>"; };
		52CC69C02D97035200CFF5C0 /* HomeScreen.swift */ = {isa = PBXFileReference; lastKnownFileType = sourcecode.swift; path = HomeScreen.swift; sourceTree = "<group>"; };
		52CC69C22D97035200CFF5C0 /* Launch Screen.storyboard */ = {isa = PBXFileReference; lastKnownFileType = file.storyboard; path = "Launch Screen.storyboard"; sourceTree = "<group>"; };
		52CC69C32D97035200CFF5C0 /* SplashScreenView.swift */ = {isa = PBXFileReference; lastKnownFileType = sourcecode.swift; path = SplashScreenView.swift; sourceTree = "<group>"; };
		52CC69C52D97035200CFF5C0 /* ProfileView.swift */ = {isa = PBXFileReference; lastKnownFileType = sourcecode.swift; path = ProfileView.swift; sourceTree = "<group>"; };
		52CC69C72D97035200CFF5C0 /* SettingsView.swift */ = {isa = PBXFileReference; lastKnownFileType = sourcecode.swift; path = SettingsView.swift; sourceTree = "<group>"; };
		52CC69C82D97035200CFF5C0 /* SettingsViewModel.swift */ = {isa = PBXFileReference; lastKnownFileType = sourcecode.swift; path = SettingsViewModel.swift; sourceTree = "<group>"; };
		52CC69CB2D97035200CFF5C0 /* Preview Assets.xcassets */ = {isa = PBXFileReference; lastKnownFileType = folder.assetcatalog; path = "Preview Assets.xcassets"; sourceTree = "<group>"; };
		52CC69CD2D97035200CFF5C0 /* Assets.xcassets */ = {isa = PBXFileReference; lastKnownFileType = folder.assetcatalog; path = Assets.xcassets; sourceTree = "<group>"; };
		52CC69CE2D97035200CFF5C0 /* CollabCallApp.swift */ = {isa = PBXFileReference; lastKnownFileType = sourcecode.swift; path = CollabCallApp.swift; sourceTree = "<group>"; };
		52CC69CF2D97035200CFF5C0 /* GoogleService-Info.plist */ = {isa = PBXFileReference; lastKnownFileType = text.plist.xml; path = "GoogleService-Info.plist"; sourceTree = "<group>"; };
		52CC69D02D97035200CFF5C0 /* Info.plist */ = {isa = PBXFileReference; lastKnownFileType = text.plist.xml; path = Info.plist; sourceTree = "<group>"; };
		52CC69E72D97038D00CFF5C0 /* Color+Extensions.swift */ = {isa = PBXFileReference; lastKnownFileType = sourcecode.swift; path = "Color+Extensions.swift"; sourceTree = "<group>"; };
		52CC69E92D9704A200CFF5C0 /* UIConstants.swift */ = {isa = PBXFileReference; lastKnownFileType = sourcecode.swift; path = UIConstants.swift; sourceTree = "<group>"; };
/* End PBXFileReference section */

/* Begin PBXFrameworksBuildPhase section */
		52022EA52D91C29900C4975F /* Frameworks */ = {
			isa = PBXFrameworksBuildPhase;
			buildActionMask = 2147483647;
			files = (
				529C011B2D91C77800466357 /* FirebaseAnalytics in Frameworks */,
				529C011E2D91CA0F00466357 /* FirebaseAuth in Frameworks */,
				529C013C2D92793E00466357 /* GoogleSignIn in Frameworks */,
				529C02832D92B43400466357 /* FirebaseFirestore in Frameworks */,
				529C013E2D92793E00466357 /* GoogleSignInSwift in Frameworks */,
			);
			runOnlyForDeploymentPostprocessing = 0;
		};
/* End PBXFrameworksBuildPhase section */

/* Begin PBXGroup section */
		52022E9F2D91C29900C4975F = {
			isa = PBXGroup;
			children = (
				52CC69D12D97035200CFF5C0 /* CollabCall */,
				529C011C2D91CA0F00466357 /* Frameworks */,
				52022EA92D91C29900C4975F /* Products */,
			);
			sourceTree = "<group>";
		};
		52022EA92D91C29900C4975F /* Products */ = {
			isa = PBXGroup;
			children = (
				52022EA82D91C29900C4975F /* CollabCall.app */,
			);
			name = Products;
			sourceTree = "<group>";
		};
		529C011C2D91CA0F00466357 /* Frameworks */ = {
			isa = PBXGroup;
			children = (
			);
			name = Frameworks;
			sourceTree = "<group>";
		};
		52CC69AC2D97035200CFF5C0 /* AuthenticationUtils */ = {
			isa = PBXGroup;
			children = (
				52CC69AB2D97035200CFF5C0 /* AuthenticationManager.swift */,
			);
			path = AuthenticationUtils;
			sourceTree = "<group>";
		};
		52CC69AE2D97035200CFF5C0 /* FirestoreUtils */ = {
			isa = PBXGroup;
			children = (
				52CC69AD2D97035200CFF5C0 /* UserManager.swift */,
			);
			path = FirestoreUtils;
			sourceTree = "<group>";
		};
		52CC69AF2D97035200CFF5C0 /* FirebaseManager */ = {
			isa = PBXGroup;
			children = (
				52CC69AC2D97035200CFF5C0 /* AuthenticationUtils */,
				52CC69AE2D97035200CFF5C0 /* FirestoreUtils */,
			);
			path = FirebaseManager;
			sourceTree = "<group>";
		};
		52CC69B12D97035200CFF5C0 /* Models */ = {
			isa = PBXGroup;
			children = (
				52CC69B02D97035200CFF5C0 /* AuthDataResultModel.swift */,
			);
			path = Models;
			sourceTree = "<group>";
		};
		52CC69B32D97035200CFF5C0 /* ViewModel */ = {
			isa = PBXGroup;
			children = (
				52CC69B22D97035200CFF5C0 /* AuthenticationViewModel.swift */,
			);
			path = ViewModel;
			sourceTree = "<group>";
		};
		52CC69B52D97035200CFF5C0 /* View */ = {
			isa = PBXGroup;
			children = (
				52CC69B42D97035200CFF5C0 /* SignInEmailView.swift */,
			);
			path = View;
			sourceTree = "<group>";
		};
		52CC69B72D97035200CFF5C0 /* ViewModel */ = {
			isa = PBXGroup;
			children = (
				52CC69B62D97035200CFF5C0 /* SignInEmailViewModel.swift */,
			);
			path = ViewModel;
			sourceTree = "<group>";
		};
		52CC69B82D97035200CFF5C0 /* EmailSignInView */ = {
			isa = PBXGroup;
			children = (
				52CC69B52D97035200CFF5C0 /* View */,
				52CC69B72D97035200CFF5C0 /* ViewModel */,
			);
			path = EmailSignInView;
			sourceTree = "<group>";
		};
		52CC69B92D97035200CFF5C0 /* SubViews */ = {
			isa = PBXGroup;
			children = (
				52CC69B82D97035200CFF5C0 /* EmailSignInView */,
			);
			path = SubViews;
			sourceTree = "<group>";
		};
		52CC69BB2D97035200CFF5C0 /* Views */ = {
			isa = PBXGroup;
			children = (
				52CC69B92D97035200CFF5C0 /* SubViews */,
				52CC69BA2D97035200CFF5C0 /* AuthenticationView.swift */,
			);
			path = Views;
			sourceTree = "<group>";
		};
		52CC69BC2D97035200CFF5C0 /* AuthenticationScreen */ = {
			isa = PBXGroup;
			children = (
				52CC69B12D97035200CFF5C0 /* Models */,
				52CC69B32D97035200CFF5C0 /* ViewModel */,
				52CC69BB2D97035200CFF5C0 /* Views */,
			);
			path = AuthenticationScreen;
			sourceTree = "<group>";
		};
		52CC69BE2D97035200CFF5C0 /* ConnectionsScreen */ = {
			isa = PBXGroup;
			children = (
				52CC69BD2D97035200CFF5C0 /* ConnectionsListView.swift */,
			);
			path = ConnectionsScreen;
			sourceTree = "<group>";
		};
		52CC69C12D97035200CFF5C0 /* LandingScreen */ = {
			isa = PBXGroup;
			children = (
				52CC69BF2D97035200CFF5C0 /* AnimatedTextView.swift */,
				52CC69C02D97035200CFF5C0 /* HomeScreen.swift */,
			);
			path = LandingScreen;
			sourceTree = "<group>";
		};
		52CC69C42D97035200CFF5C0 /* LaunchScreen */ = {
			isa = PBXGroup;
			children = (
				52CC69C22D97035200CFF5C0 /* Launch Screen.storyboard */,
				52CC69C32D97035200CFF5C0 /* SplashScreenView.swift */,
			);
			path = LaunchScreen;
			sourceTree = "<group>";
		};
		52CC69C62D97035200CFF5C0 /* ProfileScreen */ = {
			isa = PBXGroup;
			children = (
				52CC69C52D97035200CFF5C0 /* ProfileView.swift */,
			);
			path = ProfileScreen;
			sourceTree = "<group>";
		};
		52CC69C92D97035200CFF5C0 /* SettingScreen */ = {
			isa = PBXGroup;
			children = (
				52CC69C72D97035200CFF5C0 /* SettingsView.swift */,
				52CC69C82D97035200CFF5C0 /* SettingsViewModel.swift */,
			);
			path = SettingScreen;
			sourceTree = "<group>";
		};
		52CC69CA2D97035200CFF5C0 /* Modules */ = {
			isa = PBXGroup;
			children = (
				52CC69BC2D97035200CFF5C0 /* AuthenticationScreen */,
				52CC69BE2D97035200CFF5C0 /* ConnectionsScreen */,
				52CC69C12D97035200CFF5C0 /* LandingScreen */,
				52CC69C42D97035200CFF5C0 /* LaunchScreen */,
				52CC69C62D97035200CFF5C0 /* ProfileScreen */,
				52CC69C92D97035200CFF5C0 /* SettingScreen */,
			);
			path = Modules;
			sourceTree = "<group>";
		};
		52CC69CC2D97035200CFF5C0 /* Preview Content */ = {
			isa = PBXGroup;
			children = (
				52CC69CB2D97035200CFF5C0 /* Preview Assets.xcassets */,
			);
			path = "Preview Content";
			sourceTree = "<group>";
		};
		52CC69D12D97035200CFF5C0 /* CollabCall */ = {
			isa = PBXGroup;
			children = (
				52CC69EB2D9704A600CFF5C0 /* Constants */,
				52CC69E62D97036800CFF5C0 /* Extensions */,
				52CC69AF2D97035200CFF5C0 /* FirebaseManager */,
				52CC69CA2D97035200CFF5C0 /* Modules */,
				52CC69CC2D97035200CFF5C0 /* Preview Content */,
				52CC69CD2D97035200CFF5C0 /* Assets.xcassets */,
				52CC69CE2D97035200CFF5C0 /* CollabCallApp.swift */,
				52CC69CF2D97035200CFF5C0 /* GoogleService-Info.plist */,
				52CC69D02D97035200CFF5C0 /* Info.plist */,
			);
			path = CollabCall;
			sourceTree = "<group>";
		};
		52CC69E62D97036800CFF5C0 /* Extensions */ = {
			isa = PBXGroup;
			children = (
				52CC69E72D97038D00CFF5C0 /* Color+Extensions.swift */,
			);
			path = Extensions;
			sourceTree = "<group>";
		};
		52CC69EB2D9704A600CFF5C0 /* Constants */ = {
			isa = PBXGroup;
			children = (
				52CC69E92D9704A200CFF5C0 /* UIConstants.swift */,
			);
			path = Constants;
			sourceTree = "<group>";
		};
/* End PBXGroup section */

/* Begin PBXNativeTarget section */
		52022EA72D91C29900C4975F /* CollabCall */ = {
			isa = PBXNativeTarget;
			buildConfigurationList = 52022EB62D91C29B00C4975F /* Build configuration list for PBXNativeTarget "CollabCall" */;
			buildPhases = (
				52022EA42D91C29900C4975F /* Sources */,
				52022EA52D91C29900C4975F /* Frameworks */,
				52022EA62D91C29900C4975F /* Resources */,
			);
			buildRules = (
			);
			dependencies = (
			);
			name = CollabCall;
			packageProductDependencies = (
				529C011A2D91C77800466357 /* FirebaseAnalytics */,
				529C011D2D91CA0F00466357 /* FirebaseAuth */,
				529C013B2D92793E00466357 /* GoogleSignIn */,
				529C013D2D92793E00466357 /* GoogleSignInSwift */,
				529C02822D92B43400466357 /* FirebaseFirestore */,
			);
			productName = CollabCall;
			productReference = 52022EA82D91C29900C4975F /* CollabCall.app */;
			productType = "com.apple.product-type.application";
		};
/* End PBXNativeTarget section */

/* Begin PBXProject section */
		52022EA02D91C29900C4975F /* Project object */ = {
			isa = PBXProject;
			attributes = {
				BuildIndependentTargetsInParallel = 1;
				LastSwiftUpdateCheck = 1620;
				LastUpgradeCheck = 1620;
				TargetAttributes = {
					52022EA72D91C29900C4975F = {
						CreatedOnToolsVersion = 16.2;
					};
				};
			};
			buildConfigurationList = 52022EA32D91C29900C4975F /* Build configuration list for PBXProject "CollabCall" */;
			developmentRegion = en;
			hasScannedForEncodings = 0;
			knownRegions = (
				en,
				Base,
			);
			mainGroup = 52022E9F2D91C29900C4975F;
			minimizedProjectReferenceProxies = 1;
			packageReferences = (
				529C01192D91C77700466357 /* XCRemoteSwiftPackageReference "firebase-ios-sdk" */,
				529C013A2D92793E00466357 /* XCRemoteSwiftPackageReference "GoogleSignIn-iOS" */,
			);
			preferredProjectObjectVersion = 77;
			productRefGroup = 52022EA92D91C29900C4975F /* Products */;
			projectDirPath = "";
			projectRoot = "";
			targets = (
				52022EA72D91C29900C4975F /* CollabCall */,
			);
		};
/* End PBXProject section */

/* Begin PBXResourcesBuildPhase section */
		52022EA62D91C29900C4975F /* Resources */ = {
			isa = PBXResourcesBuildPhase;
			buildActionMask = 2147483647;
			files = (
				52CC69D22D97035200CFF5C0 /* Launch Screen.storyboard in Resources */,
				52CC69D32D97035200CFF5C0 /* Preview Assets.xcassets in Resources */,
				52CC69D42D97035200CFF5C0 /* Assets.xcassets in Resources */,
				52CC69D52D97035200CFF5C0 /* GoogleService-Info.plist in Resources */,
			);
			runOnlyForDeploymentPostprocessing = 0;
		};
/* End PBXResourcesBuildPhase section */

/* Begin PBXSourcesBuildPhase section */
		52022EA42D91C29900C4975F /* Sources */ = {
			isa = PBXSourcesBuildPhase;
			buildActionMask = 2147483647;
			files = (
				52CC69D72D97035200CFF5C0 /* AuthenticationManager.swift in Sources */,
				52CC69D82D97035200CFF5C0 /* UserManager.swift in Sources */,
				52CC69D92D97035200CFF5C0 /* AuthDataResultModel.swift in Sources */,
				52CC69DA2D97035200CFF5C0 /* AuthenticationViewModel.swift in Sources */,
				52CC69DB2D97035200CFF5C0 /* SignInEmailView.swift in Sources */,
				52CC69DC2D97035200CFF5C0 /* SignInEmailViewModel.swift in Sources */,
				52CC69DD2D97035200CFF5C0 /* AuthenticationView.swift in Sources */,
				52CC69DE2D97035200CFF5C0 /* ConnectionsListView.swift in Sources */,
				52CC69EA2D9704A200CFF5C0 /* UIConstants.swift in Sources */,
				52CC69DF2D97035200CFF5C0 /* AnimatedTextView.swift in Sources */,
				52CC69E02D97035200CFF5C0 /* HomeScreen.swift in Sources */,
				52CC69E12D97035200CFF5C0 /* SplashScreenView.swift in Sources */,
				52CC69E82D97038D00CFF5C0 /* Color+Extensions.swift in Sources */,
				52CC69E22D97035200CFF5C0 /* ProfileView.swift in Sources */,
				52CC69E32D97035200CFF5C0 /* SettingsView.swift in Sources */,
				52CC69E42D97035200CFF5C0 /* SettingsViewModel.swift in Sources */,
				52CC69E52D97035200CFF5C0 /* CollabCallApp.swift in Sources */,
			);
			runOnlyForDeploymentPostprocessing = 0;
		};
/* End PBXSourcesBuildPhase section */

/* Begin XCBuildConfiguration section */
		52022EB42D91C29B00C4975F /* Debug */ = {
			isa = XCBuildConfiguration;
			buildSettings = {
				ALWAYS_SEARCH_USER_PATHS = NO;
				ASSETCATALOG_COMPILER_GENERATE_SWIFT_ASSET_SYMBOL_EXTENSIONS = YES;
				CLANG_ANALYZER_NONNULL = YES;
				CLANG_ANALYZER_NUMBER_OBJECT_CONVERSION = YES_AGGRESSIVE;
				CLANG_CXX_LANGUAGE_STANDARD = "gnu++20";
				CLANG_ENABLE_MODULES = YES;
				CLANG_ENABLE_OBJC_ARC = YES;
				CLANG_ENABLE_OBJC_WEAK = YES;
				CLANG_WARN_BLOCK_CAPTURE_AUTORELEASING = YES;
				CLANG_WARN_BOOL_CONVERSION = YES;
				CLANG_WARN_COMMA = YES;
				CLANG_WARN_CONSTANT_CONVERSION = YES;
				CLANG_WARN_DEPRECATED_OBJC_IMPLEMENTATIONS = YES;
				CLANG_WARN_DIRECT_OBJC_ISA_USAGE = YES_ERROR;
				CLANG_WARN_DOCUMENTATION_COMMENTS = YES;
				CLANG_WARN_EMPTY_BODY = YES;
				CLANG_WARN_ENUM_CONVERSION = YES;
				CLANG_WARN_INFINITE_RECURSION = YES;
				CLANG_WARN_INT_CONVERSION = YES;
				CLANG_WARN_NON_LITERAL_NULL_CONVERSION = YES;
				CLANG_WARN_OBJC_IMPLICIT_RETAIN_SELF = YES;
				CLANG_WARN_OBJC_LITERAL_CONVERSION = YES;
				CLANG_WARN_OBJC_ROOT_CLASS = YES_ERROR;
				CLANG_WARN_QUOTED_INCLUDE_IN_FRAMEWORK_HEADER = YES;
				CLANG_WARN_RANGE_LOOP_ANALYSIS = YES;
				CLANG_WARN_STRICT_PROTOTYPES = YES;
				CLANG_WARN_SUSPICIOUS_MOVE = YES;
				CLANG_WARN_UNGUARDED_AVAILABILITY = YES_AGGRESSIVE;
				CLANG_WARN_UNREACHABLE_CODE = YES;
				CLANG_WARN__DUPLICATE_METHOD_MATCH = YES;
				COPY_PHASE_STRIP = NO;
				DEBUG_INFORMATION_FORMAT = dwarf;
				ENABLE_STRICT_OBJC_MSGSEND = YES;
				ENABLE_TESTABILITY = YES;
				ENABLE_USER_SCRIPT_SANDBOXING = YES;
				GCC_C_LANGUAGE_STANDARD = gnu17;
				GCC_DYNAMIC_NO_PIC = NO;
				GCC_NO_COMMON_BLOCKS = YES;
				GCC_OPTIMIZATION_LEVEL = 0;
				GCC_PREPROCESSOR_DEFINITIONS = (
					"DEBUG=1",
					"$(inherited)",
				);
				GCC_WARN_64_TO_32_BIT_CONVERSION = YES;
				GCC_WARN_ABOUT_RETURN_TYPE = YES_ERROR;
				GCC_WARN_UNDECLARED_SELECTOR = YES;
				GCC_WARN_UNINITIALIZED_AUTOS = YES_AGGRESSIVE;
				GCC_WARN_UNUSED_FUNCTION = YES;
				GCC_WARN_UNUSED_VARIABLE = YES;
				IPHONEOS_DEPLOYMENT_TARGET = 18.2;
				LOCALIZATION_PREFERS_STRING_CATALOGS = YES;
				MTL_ENABLE_DEBUG_INFO = INCLUDE_SOURCE;
				MTL_FAST_MATH = YES;
				ONLY_ACTIVE_ARCH = YES;
				SDKROOT = iphoneos;
				SWIFT_ACTIVE_COMPILATION_CONDITIONS = "DEBUG $(inherited)";
				SWIFT_OPTIMIZATION_LEVEL = "-Onone";
			};
			name = Debug;
		};
		52022EB52D91C29B00C4975F /* Release */ = {
			isa = XCBuildConfiguration;
			buildSettings = {
				ALWAYS_SEARCH_USER_PATHS = NO;
				ASSETCATALOG_COMPILER_GENERATE_SWIFT_ASSET_SYMBOL_EXTENSIONS = YES;
				CLANG_ANALYZER_NONNULL = YES;
				CLANG_ANALYZER_NUMBER_OBJECT_CONVERSION = YES_AGGRESSIVE;
				CLANG_CXX_LANGUAGE_STANDARD = "gnu++20";
				CLANG_ENABLE_MODULES = YES;
				CLANG_ENABLE_OBJC_ARC = YES;
				CLANG_ENABLE_OBJC_WEAK = YES;
				CLANG_WARN_BLOCK_CAPTURE_AUTORELEASING = YES;
				CLANG_WARN_BOOL_CONVERSION = YES;
				CLANG_WARN_COMMA = YES;
				CLANG_WARN_CONSTANT_CONVERSION = YES;
				CLANG_WARN_DEPRECATED_OBJC_IMPLEMENTATIONS = YES;
				CLANG_WARN_DIRECT_OBJC_ISA_USAGE = YES_ERROR;
				CLANG_WARN_DOCUMENTATION_COMMENTS = YES;
				CLANG_WARN_EMPTY_BODY = YES;
				CLANG_WARN_ENUM_CONVERSION = YES;
				CLANG_WARN_INFINITE_RECURSION = YES;
				CLANG_WARN_INT_CONVERSION = YES;
				CLANG_WARN_NON_LITERAL_NULL_CONVERSION = YES;
				CLANG_WARN_OBJC_IMPLICIT_RETAIN_SELF = YES;
				CLANG_WARN_OBJC_LITERAL_CONVERSION = YES;
				CLANG_WARN_OBJC_ROOT_CLASS = YES_ERROR;
				CLANG_WARN_QUOTED_INCLUDE_IN_FRAMEWORK_HEADER = YES;
				CLANG_WARN_RANGE_LOOP_ANALYSIS = YES;
				CLANG_WARN_STRICT_PROTOTYPES = YES;
				CLANG_WARN_SUSPICIOUS_MOVE = YES;
				CLANG_WARN_UNGUARDED_AVAILABILITY = YES_AGGRESSIVE;
				CLANG_WARN_UNREACHABLE_CODE = YES;
				CLANG_WARN__DUPLICATE_METHOD_MATCH = YES;
				COPY_PHASE_STRIP = NO;
				DEBUG_INFORMATION_FORMAT = "dwarf-with-dsym";
				ENABLE_NS_ASSERTIONS = NO;
				ENABLE_STRICT_OBJC_MSGSEND = YES;
				ENABLE_USER_SCRIPT_SANDBOXING = YES;
				GCC_C_LANGUAGE_STANDARD = gnu17;
				GCC_NO_COMMON_BLOCKS = YES;
				GCC_WARN_64_TO_32_BIT_CONVERSION = YES;
				GCC_WARN_ABOUT_RETURN_TYPE = YES_ERROR;
				GCC_WARN_UNDECLARED_SELECTOR = YES;
				GCC_WARN_UNINITIALIZED_AUTOS = YES_AGGRESSIVE;
				GCC_WARN_UNUSED_FUNCTION = YES;
				GCC_WARN_UNUSED_VARIABLE = YES;
				IPHONEOS_DEPLOYMENT_TARGET = 18.2;
				LOCALIZATION_PREFERS_STRING_CATALOGS = YES;
				MTL_ENABLE_DEBUG_INFO = NO;
				MTL_FAST_MATH = YES;
				SDKROOT = iphoneos;
				SWIFT_COMPILATION_MODE = wholemodule;
				VALIDATE_PRODUCT = YES;
			};
			name = Release;
		};
		52022EB72D91C29B00C4975F /* Debug */ = {
			isa = XCBuildConfiguration;
			buildSettings = {
				ASSETCATALOG_COMPILER_APPICON_NAME = AppIcon;
				ASSETCATALOG_COMPILER_GLOBAL_ACCENT_COLOR_NAME = AccentColor;
				ASSETCATALOG_COMPILER_INCLUDE_ALL_APPICON_ASSETS = NO;
				CODE_SIGN_STYLE = Automatic;
				CURRENT_PROJECT_VERSION = 1;
				DEVELOPMENT_ASSET_PATHS = "\"CollabCall/Preview Content\"";
				DEVELOPMENT_TEAM = LCYDVURN2W;
				ENABLE_PREVIEWS = YES;
				GENERATE_INFOPLIST_FILE = YES;
				INFOPLIST_FILE = CollabCall/Info.plist;
				INFOPLIST_KEY_UIApplicationSceneManifest_Generation = YES;
				INFOPLIST_KEY_UIApplicationSupportsIndirectInputEvents = YES;
				INFOPLIST_KEY_UILaunchStoryboardName = "Launch Screen";
				INFOPLIST_KEY_UISupportedInterfaceOrientations_iPad = "UIInterfaceOrientationPortrait UIInterfaceOrientationPortraitUpsideDown UIInterfaceOrientationLandscapeLeft UIInterfaceOrientationLandscapeRight";
				INFOPLIST_KEY_UISupportedInterfaceOrientations_iPhone = "UIInterfaceOrientationPortrait UIInterfaceOrientationLandscapeLeft UIInterfaceOrientationLandscapeRight";
				LD_RUNPATH_SEARCH_PATHS = (
					"$(inherited)",
					"@executable_path/Frameworks",
				);
				MARKETING_VERSION = 1.0;
				PRODUCT_BUNDLE_IDENTIFIER = com.shivansh.CollabCall;
				PRODUCT_NAME = "$(TARGET_NAME)";
				SWIFT_EMIT_LOC_STRINGS = YES;
				SWIFT_VERSION = 5.0;
				TARGETED_DEVICE_FAMILY = "1,2";
			};
			name = Debug;
		};
		52022EB82D91C29B00C4975F /* Release */ = {
			isa = XCBuildConfiguration;
			buildSettings = {
				ASSETCATALOG_COMPILER_APPICON_NAME = AppIcon;
				ASSETCATALOG_COMPILER_GLOBAL_ACCENT_COLOR_NAME = AccentColor;
				ASSETCATALOG_COMPILER_INCLUDE_ALL_APPICON_ASSETS = NO;
				CODE_SIGN_STYLE = Automatic;
				CURRENT_PROJECT_VERSION = 1;
				DEVELOPMENT_ASSET_PATHS = "\"CollabCall/Preview Content\"";
				DEVELOPMENT_TEAM = LCYDVURN2W;
				ENABLE_PREVIEWS = YES;
				GENERATE_INFOPLIST_FILE = YES;
				INFOPLIST_FILE = CollabCall/Info.plist;
				INFOPLIST_KEY_UIApplicationSceneManifest_Generation = YES;
				INFOPLIST_KEY_UIApplicationSupportsIndirectInputEvents = YES;
				INFOPLIST_KEY_UILaunchStoryboardName = "Launch Screen";
				INFOPLIST_KEY_UISupportedInterfaceOrientations_iPad = "UIInterfaceOrientationPortrait UIInterfaceOrientationPortraitUpsideDown UIInterfaceOrientationLandscapeLeft UIInterfaceOrientationLandscapeRight";
				INFOPLIST_KEY_UISupportedInterfaceOrientations_iPhone = "UIInterfaceOrientationPortrait UIInterfaceOrientationLandscapeLeft UIInterfaceOrientationLandscapeRight";
				LD_RUNPATH_SEARCH_PATHS = (
					"$(inherited)",
					"@executable_path/Frameworks",
				);
				MARKETING_VERSION = 1.0;
				PRODUCT_BUNDLE_IDENTIFIER = com.shivansh.CollabCall;
				PRODUCT_NAME = "$(TARGET_NAME)";
				SWIFT_EMIT_LOC_STRINGS = YES;
				SWIFT_VERSION = 5.0;
				TARGETED_DEVICE_FAMILY = "1,2";
			};
			name = Release;
		};
/* End XCBuildConfiguration section */

/* Begin XCConfigurationList section */
		52022EA32D91C29900C4975F /* Build configuration list for PBXProject "CollabCall" */ = {
			isa = XCConfigurationList;
			buildConfigurations = (
				52022EB42D91C29B00C4975F /* Debug */,
				52022EB52D91C29B00C4975F /* Release */,
			);
			defaultConfigurationIsVisible = 0;
			defaultConfigurationName = Release;
		};
		52022EB62D91C29B00C4975F /* Build configuration list for PBXNativeTarget "CollabCall" */ = {
			isa = XCConfigurationList;
			buildConfigurations = (
				52022EB72D91C29B00C4975F /* Debug */,
				52022EB82D91C29B00C4975F /* Release */,
			);
			defaultConfigurationIsVisible = 0;
			defaultConfigurationName = Release;
		};
/* End XCConfigurationList section */

/* Begin XCRemoteSwiftPackageReference section */
		529C01192D91C77700466357 /* XCRemoteSwiftPackageReference "firebase-ios-sdk" */ = {
			isa = XCRemoteSwiftPackageReference;
			repositoryURL = "https://github.com/firebase/firebase-ios-sdk";
			requirement = {
				kind = upToNextMajorVersion;
				minimumVersion = 11.10.0;
			};
		};
		529C013A2D92793E00466357 /* XCRemoteSwiftPackageReference "GoogleSignIn-iOS" */ = {
			isa = XCRemoteSwiftPackageReference;
			repositoryURL = "https://github.com/google/GoogleSignIn-iOS";
			requirement = {
				kind = upToNextMajorVersion;
				minimumVersion = 8.0.0;
			};
		};
/* End XCRemoteSwiftPackageReference section */

/* Begin XCSwiftPackageProductDependency section */
		529C011A2D91C77800466357 /* FirebaseAnalytics */ = {
			isa = XCSwiftPackageProductDependency;
			package = 529C01192D91C77700466357 /* XCRemoteSwiftPackageReference "firebase-ios-sdk" */;
			productName = FirebaseAnalytics;
		};
		529C011D2D91CA0F00466357 /* FirebaseAuth */ = {
			isa = XCSwiftPackageProductDependency;
			package = 529C01192D91C77700466357 /* XCRemoteSwiftPackageReference "firebase-ios-sdk" */;
			productName = FirebaseAuth;
		};
		529C013B2D92793E00466357 /* GoogleSignIn */ = {
			isa = XCSwiftPackageProductDependency;
			package = 529C013A2D92793E00466357 /* XCRemoteSwiftPackageReference "GoogleSignIn-iOS" */;
			productName = GoogleSignIn;
		};
		529C013D2D92793E00466357 /* GoogleSignInSwift */ = {
			isa = XCSwiftPackageProductDependency;
			package = 529C013A2D92793E00466357 /* XCRemoteSwiftPackageReference "GoogleSignIn-iOS" */;
			productName = GoogleSignInSwift;
		};
		529C02822D92B43400466357 /* FirebaseFirestore */ = {
			isa = XCSwiftPackageProductDependency;
			package = 529C01192D91C77700466357 /* XCRemoteSwiftPackageReference "firebase-ios-sdk" */;
			productName = FirebaseFirestore;
		};
/* End XCSwiftPackageProductDependency section */
	};
	rootObject = 52022EA02D91C29900C4975F /* Project object */;
}
